// !$*UTF8*$!
{
	archiveVersion = 1;
	classes = {
	};
	objectVersion = 51;
	objects = {

/* Begin PBXBuildFile section */
		F60E53ED24D4E568005D1445 /* AppDelegate.swift in Sources */ = {isa = PBXBuildFile; fileRef = F60E53EC24D4E568005D1445 /* AppDelegate.swift */; };
		F60E53EF24D4E568005D1445 /* SceneDelegate.swift in Sources */ = {isa = PBXBuildFile; fileRef = F60E53EE24D4E568005D1445 /* SceneDelegate.swift */; };
		F60E53F124D4E568005D1445 /* ViewController.swift in Sources */ = {isa = PBXBuildFile; fileRef = F60E53F024D4E568005D1445 /* ViewController.swift */; };
		F60E53F424D4E568005D1445 /* Main.storyboard in Resources */ = {isa = PBXBuildFile; fileRef = F60E53F224D4E568005D1445 /* Main.storyboard */; };
		F60E53F624D4E56A005D1445 /* Assets.xcassets in Resources */ = {isa = PBXBuildFile; fileRef = F60E53F524D4E56A005D1445 /* Assets.xcassets */; };
		F60E53F924D4E56A005D1445 /* LaunchScreen.storyboard in Resources */ = {isa = PBXBuildFile; fileRef = F60E53F724D4E56A005D1445 /* LaunchScreen.storyboard */; };
		F60E540224D4ED4C005D1445 /* Pods_Tutor_ml.framework in Frameworks */ = {isa = PBXBuildFile; fileRef = C72D19BBFA458E533FE95D75 /* Pods_Tutor_ml.framework */; };
		F60E540324D4ED4C005D1445 /* Pods_Tutor_ml.framework in Embed Frameworks */ = {isa = PBXBuildFile; fileRef = C72D19BBFA458E533FE95D75 /* Pods_Tutor_ml.framework */; settings = {ATTRIBUTES = (CodeSignOnCopy, RemoveHeadersOnCopy, ); }; };
		F64355A124D4EEF10027FDAE /* GoogleService-Info.plist in Resources */ = {isa = PBXBuildFile; fileRef = F64355A024D4EEF10027FDAE /* GoogleService-Info.plist */; };
		F6B6B00E24D507B9002EA09D /* Home.swift in Sources */ = {isa = PBXBuildFile; fileRef = F6B6B00D24D507B9002EA09D /* Home.swift */; };
/* End PBXBuildFile section */

/* Begin PBXCopyFilesBuildPhase section */
		F60E540424D4ED4C005D1445 /* Embed Frameworks */ = {
			isa = PBXCopyFilesBuildPhase;
			buildActionMask = 2147483647;
			dstPath = "";
			dstSubfolderSpec = 10;
			files = (
				F60E540324D4ED4C005D1445 /* Pods_Tutor_ml.framework in Embed Frameworks */,
			);
			name = "Embed Frameworks";
			runOnlyForDeploymentPostprocessing = 0;
		};
/* End PBXCopyFilesBuildPhase section */

/* Begin PBXFileReference section */
		7ABF5BCE592407786449A65C /* Pods-Tutor.ml.release.xcconfig */ = {isa = PBXFileReference; includeInIndex = 1; lastKnownFileType = text.xcconfig; name = "Pods-Tutor.ml.release.xcconfig"; path = "Target Support Files/Pods-Tutor.ml/Pods-Tutor.ml.release.xcconfig"; sourceTree = "<group>"; };
		C72D19BBFA458E533FE95D75 /* Pods_Tutor_ml.framework */ = {isa = PBXFileReference; explicitFileType = wrapper.framework; includeInIndex = 0; path = Pods_Tutor_ml.framework; sourceTree = BUILT_PRODUCTS_DIR; };
		F60E53E924D4E568005D1445 /* Tutor.ml.app */ = {isa = PBXFileReference; explicitFileType = wrapper.application; includeInIndex = 0; path = Tutor.ml.app; sourceTree = BUILT_PRODUCTS_DIR; };
		F60E53EC24D4E568005D1445 /* AppDelegate.swift */ = {isa = PBXFileReference; lastKnownFileType = sourcecode.swift; path = AppDelegate.swift; sourceTree = "<group>"; };
		F60E53EE24D4E568005D1445 /* SceneDelegate.swift */ = {isa = PBXFileReference; lastKnownFileType = sourcecode.swift; path = SceneDelegate.swift; sourceTree = "<group>"; };
		F60E53F024D4E568005D1445 /* ViewController.swift */ = {isa = PBXFileReference; lastKnownFileType = sourcecode.swift; path = ViewController.swift; sourceTree = "<group>"; };
		F60E53F324D4E568005D1445 /* Base */ = {isa = PBXFileReference; lastKnownFileType = file.storyboard; name = Base; path = Base.lproj/Main.storyboard; sourceTree = "<group>"; };
		F60E53F524D4E56A005D1445 /* Assets.xcassets */ = {isa = PBXFileReference; lastKnownFileType = folder.assetcatalog; path = Assets.xcassets; sourceTree = "<group>"; };
		F60E53F824D4E56A005D1445 /* Base */ = {isa = PBXFileReference; lastKnownFileType = file.storyboard; name = Base; path = Base.lproj/LaunchScreen.storyboard; sourceTree = "<group>"; };
		F60E53FA24D4E56A005D1445 /* Info.plist */ = {isa = PBXFileReference; lastKnownFileType = text.plist.xml; path = Info.plist; sourceTree = "<group>"; };
		F64355A024D4EEF10027FDAE /* GoogleService-Info.plist */ = {isa = PBXFileReference; fileEncoding = 4; lastKnownFileType = text.plist.xml; path = "GoogleService-Info.plist"; sourceTree = "<group>"; };
		F6B6B00D24D507B9002EA09D /* Home.swift */ = {isa = PBXFileReference; lastKnownFileType = sourcecode.swift; path = Home.swift; sourceTree = "<group>"; };
		FDE448A59A967FF31E2B559F /* Pods-Tutor.ml.debug.xcconfig */ = {isa = PBXFileReference; includeInIndex = 1; lastKnownFileType = text.xcconfig; name = "Pods-Tutor.ml.debug.xcconfig"; path = "Target Support Files/Pods-Tutor.ml/Pods-Tutor.ml.debug.xcconfig"; sourceTree = "<group>"; };
/* End PBXFileReference section */

/* Begin PBXFrameworksBuildPhase section */
		F60E53E624D4E568005D1445 /* Frameworks */ = {
			isa = PBXFrameworksBuildPhase;
			buildActionMask = 2147483647;
			files = (
				F60E540224D4ED4C005D1445 /* Pods_Tutor_ml.framework in Frameworks */,
			);
			runOnlyForDeploymentPostprocessing = 0;
		};
/* End PBXFrameworksBuildPhase section */

/* Begin PBXGroup section */
		1807E78EE62471C377E844A5 /* Pods */ = {
			isa = PBXGroup;
			children = (
				FDE448A59A967FF31E2B559F /* Pods-Tutor.ml.debug.xcconfig */,
				7ABF5BCE592407786449A65C /* Pods-Tutor.ml.release.xcconfig */,
			);
			path = Pods;
			sourceTree = "<group>";
		};
		F0FF353BD2054FEF61211186 /* Frameworks */ = {
			isa = PBXGroup;
			children = (
				C72D19BBFA458E533FE95D75 /* Pods_Tutor_ml.framework */,
			);
			name = Frameworks;
			sourceTree = "<group>";
		};
		F60E53E024D4E568005D1445 = {
			isa = PBXGroup;
			children = (
				F60E53EB24D4E568005D1445 /* Tutor.ml */,
				F60E53EA24D4E568005D1445 /* Products */,
				1807E78EE62471C377E844A5 /* Pods */,
				F0FF353BD2054FEF61211186 /* Frameworks */,
			);
			sourceTree = "<group>";
		};
		F60E53EA24D4E568005D1445 /* Products */ = {
			isa = PBXGroup;
			children = (
				F60E53E924D4E568005D1445 /* Tutor.ml.app */,
			);
			name = Products;
			sourceTree = "<group>";
		};
		F60E53EB24D4E568005D1445 /* Tutor.ml */ = {
			isa = PBXGroup;
			children = (
				F60E53EC24D4E568005D1445 /* AppDelegate.swift */,
				F60E53EE24D4E568005D1445 /* SceneDelegate.swift */,
				F60E53F024D4E568005D1445 /* ViewController.swift */,
				F60E53F224D4E568005D1445 /* Main.storyboard */,
				F6B6B00D24D507B9002EA09D /* Home.swift */,
				F60E53F524D4E56A005D1445 /* Assets.xcassets */,
				F60E53F724D4E56A005D1445 /* LaunchScreen.storyboard */,
				F60E53FA24D4E56A005D1445 /* Info.plist */,
				F64355A024D4EEF10027FDAE /* GoogleService-Info.plist */,
			);
			path = Tutor.ml;
			sourceTree = "<group>";
		};
/* End PBXGroup section */

/* Begin PBXNativeTarget section */
		F60E53E824D4E568005D1445 /* Tutor.ml */ = {
			isa = PBXNativeTarget;
			buildConfigurationList = F60E53FD24D4E56A005D1445 /* Build configuration list for PBXNativeTarget "Tutor.ml" */;
			buildPhases = (
				69C0600831DA95B0CE37CFD6 /* [CP] Check Pods Manifest.lock */,
				F60E53E524D4E568005D1445 /* Sources */,
				F60E53E624D4E568005D1445 /* Frameworks */,
				F60E53E724D4E568005D1445 /* Resources */,
				D4423D620A8A97E1420064EE /* [CP] Embed Pods Frameworks */,
				F60E540424D4ED4C005D1445 /* Embed Frameworks */,
				A7A99F56ABBFF9FB0B289C9B /* [CP] Copy Pods Resources */,
			);
			buildRules = (
			);
			dependencies = (
			);
			name = Tutor.ml;
			productName = Tutor.ml;
			productReference = F60E53E924D4E568005D1445 /* Tutor.ml.app */;
			productType = "com.apple.product-type.application";
		};
/* End PBXNativeTarget section */

/* Begin PBXProject section */
		F60E53E124D4E568005D1445 /* Project object */ = {
			isa = PBXProject;
			attributes = {
				LastSwiftUpdateCheck = 1160;
				LastUpgradeCheck = 1160;
				ORGANIZATIONNAME = "Bhargav Annem";
				TargetAttributes = {
					F60E53E824D4E568005D1445 = {
						CreatedOnToolsVersion = 11.6;
					};
				};
			};
			buildConfigurationList = F60E53E424D4E568005D1445 /* Build configuration list for PBXProject "Tutor.ml" */;
			compatibilityVersion = "Xcode 9.3";
			developmentRegion = en;
			hasScannedForEncodings = 0;
			knownRegions = (
				en,
				Base,
			);
			mainGroup = F60E53E024D4E568005D1445;
			productRefGroup = F60E53EA24D4E568005D1445 /* Products */;
			projectDirPath = "";
			projectRoot = "";
			targets = (
				F60E53E824D4E568005D1445 /* Tutor.ml */,
			);
		};
/* End PBXProject section */

/* Begin PBXResourcesBuildPhase section */
		F60E53E724D4E568005D1445 /* Resources */ = {
			isa = PBXResourcesBuildPhase;
			buildActionMask = 2147483647;
			files = (
				F60E53F924D4E56A005D1445 /* LaunchScreen.storyboard in Resources */,
				F64355A124D4EEF10027FDAE /* GoogleService-Info.plist in Resources */,
				F60E53F624D4E56A005D1445 /* Assets.xcassets in Resources */,
				F60E53F424D4E568005D1445 /* Main.storyboard in Resources */,
			);
			runOnlyForDeploymentPostprocessing = 0;
		};
/* End PBXResourcesBuildPhase section */

/* Begin PBXShellScriptBuildPhase section */
		69C0600831DA95B0CE37CFD6 /* [CP] Check Pods Manifest.lock */ = {
			isa = PBXShellScriptBuildPhase;
			buildActionMask = 2147483647;
			files = (
			);
			inputFileListPaths = (
			);
			inputPaths = (
				"${PODS_PODFILE_DIR_PATH}/Podfile.lock",
				"${PODS_ROOT}/Manifest.lock",
			);
			name = "[CP] Check Pods Manifest.lock";
			outputFileListPaths = (
			);
			outputPaths = (
				"$(DERIVED_FILE_DIR)/Pods-Tutor.ml-checkManifestLockResult.txt",
			);
			runOnlyForDeploymentPostprocessing = 0;
			shellPath = /bin/sh;
			shellScript = "diff \"${PODS_PODFILE_DIR_PATH}/Podfile.lock\" \"${PODS_ROOT}/Manifest.lock\" > /dev/null\nif [ $? != 0 ] ; then\n    # print error to STDERR\n    echo \"error: The sandbox is not in sync with the Podfile.lock. Run 'pod install' or update your CocoaPods installation.\" >&2\n    exit 1\nfi\n# This output is used by Xcode 'outputs' to avoid re-running this script phase.\necho \"SUCCESS\" > \"${SCRIPT_OUTPUT_FILE_0}\"\n";
			showEnvVarsInLog = 0;
		};
		A7A99F56ABBFF9FB0B289C9B /* [CP] Copy Pods Resources */ = {
			isa = PBXShellScriptBuildPhase;
			buildActionMask = 2147483647;
			files = (
			);
			inputFileListPaths = (
				"${PODS_ROOT}/Target Support Files/Pods-Tutor.ml/Pods-Tutor.ml-resources-${CONFIGURATION}-input-files.xcfilelist",
			);
			name = "[CP] Copy Pods Resources";
			outputFileListPaths = (
				"${PODS_ROOT}/Target Support Files/Pods-Tutor.ml/Pods-Tutor.ml-resources-${CONFIGURATION}-output-files.xcfilelist",
			);
			runOnlyForDeploymentPostprocessing = 0;
			shellPath = /bin/sh;
			shellScript = "\"${PODS_ROOT}/Target Support Files/Pods-Tutor.ml/Pods-Tutor.ml-resources.sh\"\n";
			showEnvVarsInLog = 0;
		};
		D4423D620A8A97E1420064EE /* [CP] Embed Pods Frameworks */ = {
			isa = PBXShellScriptBuildPhase;
			buildActionMask = 2147483647;
			files = (
			);
			inputFileListPaths = (
				"${PODS_ROOT}/Target Support Files/Pods-Tutor.ml/Pods-Tutor.ml-frameworks-${CONFIGURATION}-input-files.xcfilelist",
			);
			name = "[CP] Embed Pods Frameworks";
			outputFileListPaths = (
				"${PODS_ROOT}/Target Support Files/Pods-Tutor.ml/Pods-Tutor.ml-frameworks-${CONFIGURATION}-output-files.xcfilelist",
			);
			runOnlyForDeploymentPostprocessing = 0;
			shellPath = /bin/sh;
			shellScript = "\"${PODS_ROOT}/Target Support Files/Pods-Tutor.ml/Pods-Tutor.ml-frameworks.sh\"\n";
			showEnvVarsInLog = 0;
		};
/* End PBXShellScriptBuildPhase section */

/* Begin PBXSourcesBuildPhase section */
		F60E53E524D4E568005D1445 /* Sources */ = {
			isa = PBXSourcesBuildPhase;
			buildActionMask = 2147483647;
			files = (
				F60E53F124D4E568005D1445 /* ViewController.swift in Sources */,
				F60E53ED24D4E568005D1445 /* AppDelegate.swift in Sources */,
				F6B6B00E24D507B9002EA09D /* Home.swift in Sources */,
				F60E53EF24D4E568005D1445 /* SceneDelegate.swift in Sources */,
			);
			runOnlyForDeploymentPostprocessing = 0;
		};
/* End PBXSourcesBuildPhase section */

/* Begin PBXVariantGroup section */
		F60E53F224D4E568005D1445 /* Main.storyboard */ = {
			isa = PBXVariantGroup;
			children = (
				F60E53F324D4E568005D1445 /* Base */,
			);
			name = Main.storyboard;
			sourceTree = "<group>";
		};
		F60E53F724D4E56A005D1445 /* LaunchScreen.storyboard */ = {
			isa = PBXVariantGroup;
			children = (
				F60E53F824D4E56A005D1445 /* Base */,
			);
			name = LaunchScreen.storyboard;
			sourceTree = "<group>";
		};
/* End PBXVariantGroup section */

/* Begin XCBuildConfiguration section */
		F60E53FB24D4E56A005D1445 /* Debug */ = {
			isa = XCBuildConfiguration;
			buildSettings = {
				ALWAYS_SEARCH_USER_PATHS = NO;
				CLANG_ANALYZER_NONNULL = YES;
				CLANG_ANALYZER_NUMBER_OBJECT_CONVERSION = YES_AGGRESSIVE;
				CLANG_CXX_LANGUAGE_STANDARD = "gnu++14";
				CLANG_CXX_LIBRARY = "libc++";
				CLANG_ENABLE_MODULES = YES;
				CLANG_ENABLE_OBJC_ARC = YES;
				CLANG_ENABLE_OBJC_WEAK = YES;
				CLANG_WARN_BLOCK_CAPTURE_AUTORELEASING = YES;
				CLANG_WARN_BOOL_CONVERSION = YES;
				CLANG_WARN_COMMA = YES;
				CLANG_WARN_CONSTANT_CONVERSION = YES;
				CLANG_WARN_DEPRECATED_OBJC_IMPLEMENTATIONS = YES;
				CLANG_WARN_DIRECT_OBJC_ISA_USAGE = YES_ERROR;
				CLANG_WARN_DOCUMENTATION_COMMENTS = YES;
				CLANG_WARN_EMPTY_BODY = YES;
				CLANG_WARN_ENUM_CONVERSION = YES;
				CLANG_WARN_INFINITE_RECURSION = YES;
				CLANG_WARN_INT_CONVERSION = YES;
				CLANG_WARN_NON_LITERAL_NULL_CONVERSION = YES;
				CLANG_WARN_OBJC_IMPLICIT_RETAIN_SELF = YES;
				CLANG_WARN_OBJC_LITERAL_CONVERSION = YES;
				CLANG_WARN_OBJC_ROOT_CLASS = YES_ERROR;
				CLANG_WARN_RANGE_LOOP_ANALYSIS = YES;
				CLANG_WARN_STRICT_PROTOTYPES = YES;
				CLANG_WARN_SUSPICIOUS_MOVE = YES;
				CLANG_WARN_UNGUARDED_AVAILABILITY = YES_AGGRESSIVE;
				CLANG_WARN_UNREACHABLE_CODE = YES;
				CLANG_WARN__DUPLICATE_METHOD_MATCH = YES;
				COPY_PHASE_STRIP = NO;
				DEBUG_INFORMATION_FORMAT = dwarf;
				ENABLE_STRICT_OBJC_MSGSEND = YES;
				ENABLE_TESTABILITY = YES;
				GCC_C_LANGUAGE_STANDARD = gnu11;
				GCC_DYNAMIC_NO_PIC = NO;
				GCC_NO_COMMON_BLOCKS = YES;
				GCC_OPTIMIZATION_LEVEL = 0;
				GCC_PREPROCESSOR_DEFINITIONS = (
					"DEBUG=1",
					"$(inherited)",
				);
				GCC_WARN_64_TO_32_BIT_CONVERSION = YES;
				GCC_WARN_ABOUT_RETURN_TYPE = YES_ERROR;
				GCC_WARN_UNDECLARED_SELECTOR = YES;
				GCC_WARN_UNINITIALIZED_AUTOS = YES_AGGRESSIVE;
				GCC_WARN_UNUSED_FUNCTION = YES;
				GCC_WARN_UNUSED_VARIABLE = YES;
				IPHONEOS_DEPLOYMENT_TARGET = 13.6;
				MTL_ENABLE_DEBUG_INFO = INCLUDE_SOURCE;
				MTL_FAST_MATH = YES;
				ONLY_ACTIVE_ARCH = YES;
				SDKROOT = iphoneos;
				SWIFT_ACTIVE_COMPILATION_CONDITIONS = DEBUG;
				SWIFT_OPTIMIZATION_LEVEL = "-Onone";
			};
			name = Debug;
		};
		F60E53FC24D4E56A005D1445 /* Release */ = {
			isa = XCBuildConfiguration;
			buildSettings = {
				ALWAYS_SEARCH_USER_PATHS = NO;
				CLANG_ANALYZER_NONNULL = YES;
				CLANG_ANALYZER_NUMBER_OBJECT_CONVERSION = YES_AGGRESSIVE;
				CLANG_CXX_LANGUAGE_STANDARD = "gnu++14";
				CLANG_CXX_LIBRARY = "libc++";
				CLANG_ENABLE_MODULES = YES;
				CLANG_ENABLE_OBJC_ARC = YES;
				CLANG_ENABLE_OBJC_WEAK = YES;
				CLANG_WARN_BLOCK_CAPTURE_AUTORELEASING = YES;
				CLANG_WARN_BOOL_CONVERSION = YES;
				CLANG_WARN_COMMA = YES;
				CLANG_WARN_CONSTANT_CONVERSION = YES;
				CLANG_WARN_DEPRECATED_OBJC_IMPLEMENTATIONS = YES;
				CLANG_WARN_DIRECT_OBJC_ISA_USAGE = YES_ERROR;
				CLANG_WARN_DOCUMENTATION_COMMENTS = YES;
				CLANG_WARN_EMPTY_BODY = YES;
				CLANG_WARN_ENUM_CONVERSION = YES;
				CLANG_WARN_INFINITE_RECURSION = YES;
				CLANG_WARN_INT_CONVERSION = YES;
				CLANG_WARN_NON_LITERAL_NULL_CONVERSION = YES;
				CLANG_WARN_OBJC_IMPLICIT_RETAIN_SELF = YES;
				CLANG_WARN_OBJC_LITERAL_CONVERSION = YES;
				CLANG_WARN_OBJC_ROOT_CLASS = YES_ERROR;
				CLANG_WARN_RANGE_LOOP_ANALYSIS = YES;
				CLANG_WARN_STRICT_PROTOTYPES = YES;
				CLANG_WARN_SUSPICIOUS_MOVE = YES;
				CLANG_WARN_UNGUARDED_AVAILABILITY = YES_AGGRESSIVE;
				CLANG_WARN_UNREACHABLE_CODE = YES;
				CLANG_WARN__DUPLICATE_METHOD_MATCH = YES;
				COPY_PHASE_STRIP = NO;
				DEBUG_INFORMATION_FORMAT = "dwarf-with-dsym";
				ENABLE_NS_ASSERTIONS = NO;
				ENABLE_STRICT_OBJC_MSGSEND = YES;
				GCC_C_LANGUAGE_STANDARD = gnu11;
				GCC_NO_COMMON_BLOCKS = YES;
				GCC_WARN_64_TO_32_BIT_CONVERSION = YES;
				GCC_WARN_ABOUT_RETURN_TYPE = YES_ERROR;
				GCC_WARN_UNDECLARED_SELECTOR = YES;
				GCC_WARN_UNINITIALIZED_AUTOS = YES_AGGRESSIVE;
				GCC_WARN_UNUSED_FUNCTION = YES;
				GCC_WARN_UNUSED_VARIABLE = YES;
				IPHONEOS_DEPLOYMENT_TARGET = 13.6;
				MTL_ENABLE_DEBUG_INFO = NO;
				MTL_FAST_MATH = YES;
				SDKROOT = iphoneos;
				SWIFT_COMPILATION_MODE = wholemodule;
				SWIFT_OPTIMIZATION_LEVEL = "-O";
				VALIDATE_PRODUCT = YES;
			};
			name = Release;
		};
		F60E53FE24D4E56A005D1445 /* Debug */ = {
			isa = XCBuildConfiguration;
			baseConfigurationReference = FDE448A59A967FF31E2B559F /* Pods-Tutor.ml.debug.xcconfig */;
			buildSettings = {
				ASSETCATALOG_COMPILER_APPICON_NAME = AppIcon;
				CODE_SIGN_STYLE = Automatic;
				DEVELOPMENT_TEAM = WHT74UQB6W;
				INFOPLIST_FILE = Tutor.ml/Info.plist;
				LD_RUNPATH_SEARCH_PATHS = (
					"$(inherited)",
					"@executable_path/Frameworks",
				);
				PRODUCT_BUNDLE_IDENTIFIER = "com.bhargavannem.Tutor-ml";
				PRODUCT_NAME = "$(TARGET_NAME)";
				SWIFT_VERSION = 5.0;
				TARGETED_DEVICE_FAMILY = "1,2";
			};
			name = Debug;
		};
		F60E53FF24D4E56A005D1445 /* Release */ = {
			isa = XCBuildConfiguration;
			baseConfigurationReference = 7ABF5BCE592407786449A65C /* Pods-Tutor.ml.release.xcconfig */;
			buildSettings = {
				ASSETCATALOG_COMPILER_APPICON_NAME = AppIcon;
				CODE_SIGN_STYLE = Automatic;
				DEVELOPMENT_TEAM = WHT74UQB6W;
				INFOPLIST_FILE = Tutor.ml/Info.plist;
				LD_RUNPATH_SEARCH_PATHS = (
					"$(inherited)",
					"@executable_path/Frameworks",
				);
				PRODUCT_BUNDLE_IDENTIFIER = "com.bhargavannem.Tutor-ml";
				PRODUCT_NAME = "$(TARGET_NAME)";
				SWIFT_VERSION = 5.0;
				TARGETED_DEVICE_FAMILY = "1,2";
			};
			name = Release;
		};
/* End XCBuildConfiguration section */

/* Begin XCConfigurationList section */
		F60E53E424D4E568005D1445 /* Build configuration list for PBXProject "Tutor.ml" */ = {
			isa = XCConfigurationList;
			buildConfigurations = (
				F60E53FB24D4E56A005D1445 /* Debug */,
				F60E53FC24D4E56A005D1445 /* Release */,
			);
			defaultConfigurationIsVisible = 0;
			defaultConfigurationName = Release;
		};
		F60E53FD24D4E56A005D1445 /* Build configuration list for PBXNativeTarget "Tutor.ml" */ = {
			isa = XCConfigurationList;
			buildConfigurations = (
				F60E53FE24D4E56A005D1445 /* Debug */,
				F60E53FF24D4E56A005D1445 /* Release */,
			);
			defaultConfigurationIsVisible = 0;
			defaultConfigurationName = Release;
		};
/* End XCConfigurationList section */
	};
	rootObject = F60E53E124D4E568005D1445 /* Project object */;
}
